
Microsoft Visual Studio Solution File, Format Version 12.00
# Visual Studio Version 17
VisualStudioVersion = 17.8.34511.84
MinimumVisualStudioVersion = 10.0.40219.1
Project("{9A19103F-16F7-4668-BE54-9A1E7A4F7556}") = "DotNet8-BigCommerceAPI", "DotNet8-BigCommerceAPI.csproj", "{C6F275E1-560E-4C3F-8EE2-414FD302D79F}"
EndProject
Project("{9A19103F-16F7-4668-BE54-9A1E7A4F7556}") = "DotNet8-BigCommerceAPITests", "..\DotNet8-BigCommerceAPITests\DotNet8-BigCommerceAPITests.csproj", "{2BD1AE82-25C4-49D8-9B2D-659ED045050C}"
EndProject
Global
	GlobalSection(SolutionConfigurationPlatforms) = preSolution
		Debug|Any CPU = Debug|Any CPU
		Release|Any CPU = Release|Any CPU
	EndGlobalSection
	GlobalSection(ProjectConfigurationPlatforms) = postSolution
		{C6F275E1-560E-4C3F-8EE2-414FD302D79F}.Debug|Any CPU.ActiveCfg = Debug|Any CPU
		{C6F275E1-560E-4C3F-8EE2-414FD302D79F}.Debug|Any CPU.Build.0 = Debug|Any CPU
		{C6F275E1-560E-4C3F-8EE2-414FD302D79F}.Release|Any CPU.ActiveCfg = Release|Any CPU
		{C6F275E1-560E-4C3F-8EE2-414FD302D79F}.Release|Any CPU.Build.0 = Release|Any CPU
		{2BD1AE82-25C4-49D8-9B2D-659ED045050C}.Debug|Any CPU.ActiveCfg = Debug|Any CPU
		{2BD1AE82-25C4-49D8-9B2D-659ED045050C}.Debug|Any CPU.Build.0 = Debug|Any CPU
		{2BD1AE82-25C4-49D8-9B2D-659ED045050C}.Release|Any CPU.ActiveCfg = Release|Any CPU
		{2BD1AE82-25C4-49D8-9B2D-659ED045050C}.Release|Any CPU.Build.0 = Release|Any CPU
	EndGlobalSection
	GlobalSection(SolutionProperties) = preSolution
		HideSolutionNode = FALSE
	EndGlobalSection
	GlobalSection(ExtensibilityGlobals) = postSolution
		SolutionGuid = {24883953-92D5-493A-B710-4C533AA6ADB1}
	EndGlobalSection
EndGlobal
